
Microsoft Visual Studio Solution File, Format Version 12.00
# Visual Studio 2013
VisualStudioVersion = 12.0.31101.0
MinimumVisualStudioVersion = 10.0.40219.1
Project("{FAE04EC0-301F-11D3-BF4B-00C04F79EFBC}") = "MultimediaSysServer", "MulSystem\MultimediaSysServer\MultimediaSysServer.csproj", "{E7288E18-B1F3-4E88-A884-CADCC5AE0942}"
EndProject
Project("{FAE04EC0-301F-11D3-BF4B-00C04F79EFBC}") = "MultimediaSysClient", "MulSystem\MultimediaSysClient\MultimediaSysClient.csproj", "{CF03B3F9-1CCE-498F-BC40-F491302D2362}"
EndProject
Global
	GlobalSection(SolutionConfigurationPlatforms) = preSolution
		Debug|Any CPU = Debug|Any CPU
		Release|Any CPU = Release|Any CPU
	EndGlobalSection
	GlobalSection(ProjectConfigurationPlatforms) = postSolution
		{E7288E18-B1F3-4E88-A884-CADCC5AE0942}.Debug|Any CPU.ActiveCfg = Debug|Any CPU
		{E7288E18-B1F3-4E88-A884-CADCC5AE0942}.Debug|Any CPU.Build.0 = Debug|Any CPU
		{E7288E18-B1F3-4E88-A884-CADCC5AE0942}.Release|Any CPU.ActiveCfg = Release|Any CPU
		{E7288E18-B1F3-4E88-A884-CADCC5AE0942}.Release|Any CPU.Build.0 = Release|Any CPU
		{CF03B3F9-1CCE-498F-BC40-F491302D2362}.Debug|Any CPU.ActiveCfg = Debug|Any CPU
		{CF03B3F9-1CCE-498F-BC40-F491302D2362}.Debug|Any CPU.Build.0 = Debug|Any CPU
		{CF03B3F9-1CCE-498F-BC40-F491302D2362}.Release|Any CPU.ActiveCfg = Release|Any CPU
		{CF03B3F9-1CCE-498F-BC40-F491302D2362}.Release|Any CPU.Build.0 = Release|Any CPU
	EndGlobalSection
	GlobalSection(SolutionProperties) = preSolution
		HideSolutionNode = FALSE
	EndGlobalSection
EndGlobal
